
Microsoft Visual Studio Solution File, Format Version 12.00
# Visual Studio Version 17
VisualStudioVersion = 17.13.35825.156 d17.13
MinimumVisualStudioVersion = 10.0.40219.1
Project("{888888A0-9F3D-457C-B088-3A5042F75D52}") = "Directory Enumeration", "Directory Enumeration\Directory Enumeration.pyproj", "{A6C81A4F-37A1-481A-888E-89758026D702}"
EndProject
Global
	GlobalSection(SolutionConfigurationPlatforms) = preSolution
		Debug|Any CPU = Debug|Any CPU
		Release|Any CPU = Release|Any CPU
	EndGlobalSection
	GlobalSection(ProjectConfigurationPlatforms) = postSolution
		{A6C81A4F-37A1-481A-888E-89758026D702}.Debug|Any CPU.ActiveCfg = Debug|Any CPU
		{A6C81A4F-37A1-481A-888E-89758026D702}.Release|Any CPU.ActiveCfg = Release|Any CPU
	EndGlobalSection
	GlobalSection(SolutionProperties) = preSolution
		HideSolutionNode = FALSE
	EndGlobalSection
	GlobalSection(ExtensibilityGlobals) = postSolution
		SolutionGuid = {AB9AB959-4AF9-4B4B-979F-1EB06651921D}
	EndGlobalSection
EndGlobal
